
Microsoft Visual Studio Solution File, Format Version 12.00
# Visual Studio Version 17
VisualStudioVersion = 17.8.34511.84
MinimumVisualStudioVersion = 10.0.40219.1
Project("{FAE04EC0-301F-11D3-BF4B-00C04F79EFBC}") = "EventScheduler.API", "EventScheduler.API\EventScheduler.API.csproj", "{1C7F3A03-887A-4398-8216-A280381D4463}"
EndProject
Global
	GlobalSection(SolutionConfigurationPlatforms) = preSolution
		Debug|Any CPU = Debug|Any CPU
		Release|Any CPU = Release|Any CPU
	EndGlobalSection
	GlobalSection(ProjectConfigurationPlatforms) = postSolution
		{1C7F3A03-887A-4398-8216-A280381D4463}.Debug|Any CPU.ActiveCfg = Debug|Any CPU
		{1C7F3A03-887A-4398-8216-A280381D4463}.Debug|Any CPU.Build.0 = Debug|Any CPU
		{1C7F3A03-887A-4398-8216-A280381D4463}.Release|Any CPU.ActiveCfg = Release|Any CPU
		{1C7F3A03-887A-4398-8216-A280381D4463}.Release|Any CPU.Build.0 = Release|Any CPU
	EndGlobalSection
	GlobalSection(SolutionProperties) = preSolution
		HideSolutionNode = FALSE
	EndGlobalSection
	GlobalSection(ExtensibilityGlobals) = postSolution
		SolutionGuid = {16201853-8DB7-43EF-B69E-77CE7FD76341}
	EndGlobalSection
EndGlobal
